// !$*UTF8*$!
{
	archiveVersion = 1;
	classes = {
	};
	objectVersion = 50;
	objects = {

/* Begin PBXBuildFile section */
		E516E5B82369B469006620B1 /* CoordinatorKit.framework in Frameworks */ = {isa = PBXBuildFile; fileRef = E516E5AE2369B469006620B1 /* CoordinatorKit.framework */; };
		E516E5BF2369B469006620B1 /* CoordinatorKit.h in Headers */ = {isa = PBXBuildFile; fileRef = E516E5B12369B469006620B1 /* CoordinatorKit.h */; settings = {ATTRIBUTES = (Public, ); }; };
		E516E5CD2369B498006620B1 /* CommonCoordinatorTypes.swift in Sources */ = {isa = PBXBuildFile; fileRef = E516E5CA2369B497006620B1 /* CommonCoordinatorTypes.swift */; };
		E516E5CE2369B498006620B1 /* CoordinatorType.swift in Sources */ = {isa = PBXBuildFile; fileRef = E516E5CB2369B498006620B1 /* CoordinatorType.swift */; };
		E516E5CF2369B498006620B1 /* CoordinatorError.swift in Sources */ = {isa = PBXBuildFile; fileRef = E516E5CC2369B498006620B1 /* CoordinatorError.swift */; };
		E516E5D42369B554006620B1 /* CoordinatorErrorTests.swift in Sources */ = {isa = PBXBuildFile; fileRef = E516E5D32369B554006620B1 /* CoordinatorErrorTests.swift */; };
		E516E5D72369B7FD006620B1 /* FatalErrorUtil.swift in Sources */ = {isa = PBXBuildFile; fileRef = E516E5D62369B7FD006620B1 /* FatalErrorUtil.swift */; };
		E516E5DA2369B833006620B1 /* XCTestCase+FatalError.swift in Sources */ = {isa = PBXBuildFile; fileRef = E516E5D92369B833006620B1 /* XCTestCase+FatalError.swift */; };
		E516E5DC2369B88F006620B1 /* CommonCoordinatorTypesTests.swift in Sources */ = {isa = PBXBuildFile; fileRef = E516E5DB2369B88F006620B1 /* CommonCoordinatorTypesTests.swift */; };
		E516E5DF2369BA7C006620B1 /* CoordinatorTypeTests.swift in Sources */ = {isa = PBXBuildFile; fileRef = E516E5DE2369BA7C006620B1 /* CoordinatorTypeTests.swift */; };
/* End PBXBuildFile section */

/* Begin PBXContainerItemProxy section */
		E516E5B92369B469006620B1 /* PBXContainerItemProxy */ = {
			isa = PBXContainerItemProxy;
			containerPortal = E516E5A52369B469006620B1 /* Project object */;
			proxyType = 1;
			remoteGlobalIDString = E516E5AD2369B469006620B1;
			remoteInfo = CoordinatorKit;
		};
/* End PBXContainerItemProxy section */

/* Begin PBXFileReference section */
		E516E5AE2369B469006620B1 /* CoordinatorKit.framework */ = {isa = PBXFileReference; explicitFileType = wrapper.framework; includeInIndex = 0; path = CoordinatorKit.framework; sourceTree = BUILT_PRODUCTS_DIR; };
		E516E5B12369B469006620B1 /* CoordinatorKit.h */ = {isa = PBXFileReference; lastKnownFileType = sourcecode.c.h; path = CoordinatorKit.h; sourceTree = "<group>"; };
		E516E5B22369B469006620B1 /* Info.plist */ = {isa = PBXFileReference; lastKnownFileType = text.plist.xml; path = Info.plist; sourceTree = "<group>"; };
		E516E5B72369B469006620B1 /* CoordinatorKitTests.xctest */ = {isa = PBXFileReference; explicitFileType = wrapper.cfbundle; includeInIndex = 0; path = CoordinatorKitTests.xctest; sourceTree = BUILT_PRODUCTS_DIR; };
		E516E5BE2369B469006620B1 /* Info.plist */ = {isa = PBXFileReference; lastKnownFileType = text.plist.xml; path = Info.plist; sourceTree = "<group>"; };
		E516E5CA2369B497006620B1 /* CommonCoordinatorTypes.swift */ = {isa = PBXFileReference; fileEncoding = 4; lastKnownFileType = sourcecode.swift; path = CommonCoordinatorTypes.swift; sourceTree = "<group>"; };
		E516E5CB2369B498006620B1 /* CoordinatorType.swift */ = {isa = PBXFileReference; fileEncoding = 4; lastKnownFileType = sourcecode.swift; path = CoordinatorType.swift; sourceTree = "<group>"; };
		E516E5CC2369B498006620B1 /* CoordinatorError.swift */ = {isa = PBXFileReference; fileEncoding = 4; lastKnownFileType = sourcecode.swift; path = CoordinatorError.swift; sourceTree = "<group>"; };
		E516E5D32369B554006620B1 /* CoordinatorErrorTests.swift */ = {isa = PBXFileReference; lastKnownFileType = sourcecode.swift; path = CoordinatorErrorTests.swift; sourceTree = "<group>"; };
		E516E5D62369B7FD006620B1 /* FatalErrorUtil.swift */ = {isa = PBXFileReference; lastKnownFileType = sourcecode.swift; path = FatalErrorUtil.swift; sourceTree = "<group>"; };
		E516E5D92369B833006620B1 /* XCTestCase+FatalError.swift */ = {isa = PBXFileReference; lastKnownFileType = sourcecode.swift; path = "XCTestCase+FatalError.swift"; sourceTree = "<group>"; };
		E516E5DB2369B88F006620B1 /* CommonCoordinatorTypesTests.swift */ = {isa = PBXFileReference; lastKnownFileType = sourcecode.swift; path = CommonCoordinatorTypesTests.swift; sourceTree = "<group>"; };
		E516E5DE2369BA7C006620B1 /* CoordinatorTypeTests.swift */ = {isa = PBXFileReference; lastKnownFileType = sourcecode.swift; path = CoordinatorTypeTests.swift; sourceTree = "<group>"; };
/* End PBXFileReference section */

/* Begin PBXFrameworksBuildPhase section */
		E516E5AB2369B469006620B1 /* Frameworks */ = {
			isa = PBXFrameworksBuildPhase;
			buildActionMask = 2147483647;
			files = (
			);
			runOnlyForDeploymentPostprocessing = 0;
		};
		E516E5B42369B469006620B1 /* Frameworks */ = {
			isa = PBXFrameworksBuildPhase;
			buildActionMask = 2147483647;
			files = (
				E516E5B82369B469006620B1 /* CoordinatorKit.framework in Frameworks */,
			);
			runOnlyForDeploymentPostprocessing = 0;
		};
/* End PBXFrameworksBuildPhase section */

/* Begin PBXGroup section */
		E516E5A42369B469006620B1 = {
			isa = PBXGroup;
			children = (
				E516E5B02369B469006620B1 /* CoordinatorKit */,
				E516E5BB2369B469006620B1 /* CoordinatorKitTests */,
				E516E5AF2369B469006620B1 /* Products */,
			);
			sourceTree = "<group>";
		};
		E516E5AF2369B469006620B1 /* Products */ = {
			isa = PBXGroup;
			children = (
				E516E5AE2369B469006620B1 /* CoordinatorKit.framework */,
				E516E5B72369B469006620B1 /* CoordinatorKitTests.xctest */,
			);
			name = Products;
			sourceTree = "<group>";
		};
		E516E5B02369B469006620B1 /* CoordinatorKit */ = {
			isa = PBXGroup;
			children = (
				E516E5C82369B474006620B1 /* Sources */,
				E516E5C92369B47B006620B1 /* Resources */,
			);
			path = CoordinatorKit;
			sourceTree = "<group>";
		};
		E516E5BB2369B469006620B1 /* CoordinatorKitTests */ = {
			isa = PBXGroup;
			children = (
				E516E5D82369B816006620B1 /* Util */,
				E516E5D22369B538006620B1 /* Tests */,
				E516E5D12369B526006620B1 /* Resources */,
			);
			path = CoordinatorKitTests;
			sourceTree = "<group>";
		};
		E516E5C82369B474006620B1 /* Sources */ = {
			isa = PBXGroup;
			children = (
				E516E5D52369B7EB006620B1 /* Util */,
				E516E5CC2369B498006620B1 /* CoordinatorError.swift */,
				E516E5CB2369B498006620B1 /* CoordinatorType.swift */,
				E516E5CA2369B497006620B1 /* CommonCoordinatorTypes.swift */,
			);
			path = Sources;
			sourceTree = "<group>";
		};
		E516E5C92369B47B006620B1 /* Resources */ = {
			isa = PBXGroup;
			children = (
				E516E5B12369B469006620B1 /* CoordinatorKit.h */,
				E516E5B22369B469006620B1 /* Info.plist */,
			);
			path = Resources;
			sourceTree = "<group>";
		};
		E516E5D12369B526006620B1 /* Resources */ = {
			isa = PBXGroup;
			children = (
				E516E5BE2369B469006620B1 /* Info.plist */,
			);
			path = Resources;
			sourceTree = "<group>";
		};
		E516E5D22369B538006620B1 /* Tests */ = {
			isa = PBXGroup;
			children = (
				E516E5D32369B554006620B1 /* CoordinatorErrorTests.swift */,
				E516E5DB2369B88F006620B1 /* CommonCoordinatorTypesTests.swift */,
				E516E5DE2369BA7C006620B1 /* CoordinatorTypeTests.swift */,
			);
			path = Tests;
			sourceTree = "<group>";
		};
		E516E5D52369B7EB006620B1 /* Util */ = {
			isa = PBXGroup;
			children = (
				E516E5D62369B7FD006620B1 /* FatalErrorUtil.swift */,
			);
			path = Util;
			sourceTree = "<group>";
		};
		E516E5D82369B816006620B1 /* Util */ = {
			isa = PBXGroup;
			children = (
				E516E5D92369B833006620B1 /* XCTestCase+FatalError.swift */,
			);
			path = Util;
			sourceTree = "<group>";
		};
/* End PBXGroup section */

/* Begin PBXHeadersBuildPhase section */
		E516E5A92369B469006620B1 /* Headers */ = {
			isa = PBXHeadersBuildPhase;
			buildActionMask = 2147483647;
			files = (
				E516E5BF2369B469006620B1 /* CoordinatorKit.h in Headers */,
			);
			runOnlyForDeploymentPostprocessing = 0;
		};
/* End PBXHeadersBuildPhase section */

/* Begin PBXNativeTarget section */
		E516E5AD2369B469006620B1 /* CoordinatorKit */ = {
			isa = PBXNativeTarget;
			buildConfigurationList = E516E5C22369B469006620B1 /* Build configuration list for PBXNativeTarget "CoordinatorKit" */;
			buildPhases = (
				E516E5A92369B469006620B1 /* Headers */,
				E516E5AA2369B469006620B1 /* Sources */,
				E516E5AB2369B469006620B1 /* Frameworks */,
				E516E5AC2369B469006620B1 /* Resources */,
			);
			buildRules = (
			);
			dependencies = (
			);
			name = CoordinatorKit;
			productName = CoordinatorKit;
			productReference = E516E5AE2369B469006620B1 /* CoordinatorKit.framework */;
			productType = "com.apple.product-type.framework";
		};
		E516E5B62369B469006620B1 /* CoordinatorKitTests */ = {
			isa = PBXNativeTarget;
			buildConfigurationList = E516E5C52369B469006620B1 /* Build configuration list for PBXNativeTarget "CoordinatorKitTests" */;
			buildPhases = (
				E516E5B32369B469006620B1 /* Sources */,
				E516E5B42369B469006620B1 /* Frameworks */,
				E516E5B52369B469006620B1 /* Resources */,
			);
			buildRules = (
			);
			dependencies = (
				E516E5BA2369B469006620B1 /* PBXTargetDependency */,
			);
			name = CoordinatorKitTests;
			productName = CoordinatorKitTests;
			productReference = E516E5B72369B469006620B1 /* CoordinatorKitTests.xctest */;
			productType = "com.apple.product-type.bundle.unit-test";
		};
/* End PBXNativeTarget section */

/* Begin PBXProject section */
		E516E5A52369B469006620B1 /* Project object */ = {
			isa = PBXProject;
			attributes = {
				LastSwiftUpdateCheck = 1100;
				LastUpgradeCheck = 1100;
				ORGANIZATIONNAME = Bocato;
				TargetAttributes = {
					E516E5AD2369B469006620B1 = {
						CreatedOnToolsVersion = 11.0;
						LastSwiftMigration = 1100;
					};
					E516E5B62369B469006620B1 = {
						CreatedOnToolsVersion = 11.0;
						LastSwiftMigration = 1100;
					};
				};
			};
			buildConfigurationList = E516E5A82369B469006620B1 /* Build configuration list for PBXProject "CoordinatorKit" */;
			compatibilityVersion = "Xcode 9.3";
			developmentRegion = en;
			hasScannedForEncodings = 0;
			knownRegions = (
				en,
				Base,
			);
			mainGroup = E516E5A42369B469006620B1;
			productRefGroup = E516E5AF2369B469006620B1 /* Products */;
			projectDirPath = "";
			projectRoot = "";
			targets = (
				E516E5AD2369B469006620B1 /* CoordinatorKit */,
				E516E5B62369B469006620B1 /* CoordinatorKitTests */,
			);
		};
/* End PBXProject section */

/* Begin PBXResourcesBuildPhase section */
		E516E5AC2369B469006620B1 /* Resources */ = {
			isa = PBXResourcesBuildPhase;
			buildActionMask = 2147483647;
			files = (
			);
			runOnlyForDeploymentPostprocessing = 0;
		};
		E516E5B52369B469006620B1 /* Resources */ = {
			isa = PBXResourcesBuildPhase;
			buildActionMask = 2147483647;
			files = (
			);
			runOnlyForDeploymentPostprocessing = 0;
		};
/* End PBXResourcesBuildPhase section */

/* Begin PBXSourcesBuildPhase section */
		E516E5AA2369B469006620B1 /* Sources */ = {
			isa = PBXSourcesBuildPhase;
			buildActionMask = 2147483647;
			files = (
				E516E5CE2369B498006620B1 /* CoordinatorType.swift in Sources */,
				E516E5CD2369B498006620B1 /* CommonCoordinatorTypes.swift in Sources */,
				E516E5CF2369B498006620B1 /* CoordinatorError.swift in Sources */,
				E516E5D72369B7FD006620B1 /* FatalErrorUtil.swift in Sources */,
			);
			runOnlyForDeploymentPostprocessing = 0;
		};
		E516E5B32369B469006620B1 /* Sources */ = {
			isa = PBXSourcesBuildPhase;
			buildActionMask = 2147483647;
			files = (
				E516E5DC2369B88F006620B1 /* CommonCoordinatorTypesTests.swift in Sources */,
				E516E5DA2369B833006620B1 /* XCTestCase+FatalError.swift in Sources */,
				E516E5DF2369BA7C006620B1 /* CoordinatorTypeTests.swift in Sources */,
				E516E5D42369B554006620B1 /* CoordinatorErrorTests.swift in Sources */,
			);
			runOnlyForDeploymentPostprocessing = 0;
		};
/* End PBXSourcesBuildPhase section */

/* Begin PBXTargetDependency section */
		E516E5BA2369B469006620B1 /* PBXTargetDependency */ = {
			isa = PBXTargetDependency;
			target = E516E5AD2369B469006620B1 /* CoordinatorKit */;
			targetProxy = E516E5B92369B469006620B1 /* PBXContainerItemProxy */;
		};
/* End PBXTargetDependency section */

/* Begin XCBuildConfiguration section */
		E516E5C02369B469006620B1 /* Debug */ = {
			isa = XCBuildConfiguration;
			buildSettings = {
				ALWAYS_SEARCH_USER_PATHS = NO;
				CLANG_ANALYZER_NONNULL = YES;
				CLANG_ANALYZER_NUMBER_OBJECT_CONVERSION = YES_AGGRESSIVE;
				CLANG_CXX_LANGUAGE_STANDARD = "gnu++14";
				CLANG_CXX_LIBRARY = "libc++";
				CLANG_ENABLE_MODULES = YES;
				CLANG_ENABLE_OBJC_ARC = YES;
				CLANG_ENABLE_OBJC_WEAK = YES;
				CLANG_WARN_BLOCK_CAPTURE_AUTORELEASING = YES;
				CLANG_WARN_BOOL_CONVERSION = YES;
				CLANG_WARN_COMMA = YES;
				CLANG_WARN_CONSTANT_CONVERSION = YES;
				CLANG_WARN_DEPRECATED_OBJC_IMPLEMENTATIONS = YES;
				CLANG_WARN_DIRECT_OBJC_ISA_USAGE = YES_ERROR;
				CLANG_WARN_DOCUMENTATION_COMMENTS = YES;
				CLANG_WARN_EMPTY_BODY = YES;
				CLANG_WARN_ENUM_CONVERSION = YES;
				CLANG_WARN_INFINITE_RECURSION = YES;
				CLANG_WARN_INT_CONVERSION = YES;
				CLANG_WARN_NON_LITERAL_NULL_CONVERSION = YES;
				CLANG_WARN_OBJC_IMPLICIT_RETAIN_SELF = YES;
				CLANG_WARN_OBJC_LITERAL_CONVERSION = YES;
				CLANG_WARN_OBJC_ROOT_CLASS = YES_ERROR;
				CLANG_WARN_RANGE_LOOP_ANALYSIS = YES;
				CLANG_WARN_STRICT_PROTOTYPES = YES;
				CLANG_WARN_SUSPICIOUS_MOVE = YES;
				CLANG_WARN_UNGUARDED_AVAILABILITY = YES_AGGRESSIVE;
				CLANG_WARN_UNREACHABLE_CODE = YES;
				CLANG_WARN__DUPLICATE_METHOD_MATCH = YES;
				COPY_PHASE_STRIP = NO;
				CURRENT_PROJECT_VERSION = 1;
				DEBUG_INFORMATION_FORMAT = dwarf;
				ENABLE_STRICT_OBJC_MSGSEND = YES;
				ENABLE_TESTABILITY = YES;
				GCC_C_LANGUAGE_STANDARD = gnu11;
				GCC_DYNAMIC_NO_PIC = NO;
				GCC_NO_COMMON_BLOCKS = YES;
				GCC_OPTIMIZATION_LEVEL = 0;
				GCC_PREPROCESSOR_DEFINITIONS = (
					"DEBUG=1",
					"$(inherited)",
				);
				GCC_WARN_64_TO_32_BIT_CONVERSION = YES;
				GCC_WARN_ABOUT_RETURN_TYPE = YES_ERROR;
				GCC_WARN_UNDECLARED_SELECTOR = YES;
				GCC_WARN_UNINITIALIZED_AUTOS = YES_AGGRESSIVE;
				GCC_WARN_UNUSED_FUNCTION = YES;
				GCC_WARN_UNUSED_VARIABLE = YES;
				IPHONEOS_DEPLOYMENT_TARGET = 13.0;
				MTL_ENABLE_DEBUG_INFO = INCLUDE_SOURCE;
				MTL_FAST_MATH = YES;
				ONLY_ACTIVE_ARCH = YES;
				SDKROOT = iphoneos;
				SWIFT_ACTIVE_COMPILATION_CONDITIONS = DEBUG;
				SWIFT_OPTIMIZATION_LEVEL = "-Onone";
				VERSIONING_SYSTEM = "apple-generic";
				VERSION_INFO_PREFIX = "";
			};
			name = Debug;
		};
		E516E5C12369B469006620B1 /* Release */ = {
			isa = XCBuildConfiguration;
			buildSettings = {
				ALWAYS_SEARCH_USER_PATHS = NO;
				CLANG_ANALYZER_NONNULL = YES;
				CLANG_ANALYZER_NUMBER_OBJECT_CONVERSION = YES_AGGRESSIVE;
				CLANG_CXX_LANGUAGE_STANDARD = "gnu++14";
				CLANG_CXX_LIBRARY = "libc++";
				CLANG_ENABLE_MODULES = YES;
				CLANG_ENABLE_OBJC_ARC = YES;
				CLANG_ENABLE_OBJC_WEAK = YES;
				CLANG_WARN_BLOCK_CAPTURE_AUTORELEASING = YES;
				CLANG_WARN_BOOL_CONVERSION = YES;
				CLANG_WARN_COMMA = YES;
				CLANG_WARN_CONSTANT_CONVERSION = YES;
				CLANG_WARN_DEPRECATED_OBJC_IMPLEMENTATIONS = YES;
				CLANG_WARN_DIRECT_OBJC_ISA_USAGE = YES_ERROR;
				CLANG_WARN_DOCUMENTATION_COMMENTS = YES;
				CLANG_WARN_EMPTY_BODY = YES;
				CLANG_WARN_ENUM_CONVERSION = YES;
				CLANG_WARN_INFINITE_RECURSION = YES;
				CLANG_WARN_INT_CONVERSION = YES;
				CLANG_WARN_NON_LITERAL_NULL_CONVERSION = YES;
				CLANG_WARN_OBJC_IMPLICIT_RETAIN_SELF = YES;
				CLANG_WARN_OBJC_LITERAL_CONVERSION = YES;
				CLANG_WARN_OBJC_ROOT_CLASS = YES_ERROR;
				CLANG_WARN_RANGE_LOOP_ANALYSIS = YES;
				CLANG_WARN_STRICT_PROTOTYPES = YES;
				CLANG_WARN_SUSPICIOUS_MOVE = YES;
				CLANG_WARN_UNGUARDED_AVAILABILITY = YES_AGGRESSIVE;
				CLANG_WARN_UNREACHABLE_CODE = YES;
				CLANG_WARN__DUPLICATE_METHOD_MATCH = YES;
				COPY_PHASE_STRIP = NO;
				CURRENT_PROJECT_VERSION = 1;
				DEBUG_INFORMATION_FORMAT = "dwarf-with-dsym";
				ENABLE_NS_ASSERTIONS = NO;
				ENABLE_STRICT_OBJC_MSGSEND = YES;
				GCC_C_LANGUAGE_STANDARD = gnu11;
				GCC_NO_COMMON_BLOCKS = YES;
				GCC_WARN_64_TO_32_BIT_CONVERSION = YES;
				GCC_WARN_ABOUT_RETURN_TYPE = YES_ERROR;
				GCC_WARN_UNDECLARED_SELECTOR = YES;
				GCC_WARN_UNINITIALIZED_AUTOS = YES_AGGRESSIVE;
				GCC_WARN_UNUSED_FUNCTION = YES;
				GCC_WARN_UNUSED_VARIABLE = YES;
				IPHONEOS_DEPLOYMENT_TARGET = 13.0;
				MTL_ENABLE_DEBUG_INFO = NO;
				MTL_FAST_MATH = YES;
				SDKROOT = iphoneos;
				SWIFT_COMPILATION_MODE = wholemodule;
				SWIFT_OPTIMIZATION_LEVEL = "-O";
				VALIDATE_PRODUCT = YES;
				VERSIONING_SYSTEM = "apple-generic";
				VERSION_INFO_PREFIX = "";
			};
			name = Release;
		};
		E516E5C32369B469006620B1 /* Debug */ = {
			isa = XCBuildConfiguration;
			buildSettings = {
				CLANG_ENABLE_MODULES = YES;
				CODE_SIGN_STYLE = Automatic;
				DEFINES_MODULE = YES;
				DEVELOPMENT_TEAM = YKYJK8YBGT;
				DYLIB_COMPATIBILITY_VERSION = 1;
				DYLIB_CURRENT_VERSION = 1;
				DYLIB_INSTALL_NAME_BASE = "@rpath";
				INFOPLIST_FILE = CoordinatorKit/Resources/Info.plist;
				INSTALL_PATH = "$(LOCAL_LIBRARY_DIR)/Frameworks";
				IPHONEOS_DEPLOYMENT_TARGET = 10.3;
				LD_RUNPATH_SEARCH_PATHS = (
					"$(inherited)",
					"@executable_path/Frameworks",
					"@loader_path/Frameworks",
				);
				PRODUCT_BUNDLE_IDENTIFIER = com.bocato.CoordinatorKit;
				PRODUCT_NAME = "$(TARGET_NAME:c99extidentifier)";
				SKIP_INSTALL = YES;
				SWIFT_OPTIMIZATION_LEVEL = "-Onone";
				SWIFT_VERSION = 5.0;
				TARGETED_DEVICE_FAMILY = "1,2";
			};
			name = Debug;
		};
		E516E5C42369B469006620B1 /* Release */ = {
			isa = XCBuildConfiguration;
			buildSettings = {
				CLANG_ENABLE_MODULES = YES;
				CODE_SIGN_STYLE = Automatic;
				DEFINES_MODULE = YES;
				DEVELOPMENT_TEAM = YKYJK8YBGT;
				DYLIB_COMPATIBILITY_VERSION = 1;
				DYLIB_CURRENT_VERSION = 1;
				DYLIB_INSTALL_NAME_BASE = "@rpath";
				INFOPLIST_FILE = CoordinatorKit/Resources/Info.plist;
				INSTALL_PATH = "$(LOCAL_LIBRARY_DIR)/Frameworks";
				IPHONEOS_DEPLOYMENT_TARGET = 10.3;
				LD_RUNPATH_SEARCH_PATHS = (
					"$(inherited)",
					"@executable_path/Frameworks",
					"@loader_path/Frameworks",
				);
				PRODUCT_BUNDLE_IDENTIFIER = com.bocato.CoordinatorKit;
				PRODUCT_NAME = "$(TARGET_NAME:c99extidentifier)";
				SKIP_INSTALL = YES;
				SWIFT_VERSION = 5.0;
				TARGETED_DEVICE_FAMILY = "1,2";
			};
			name = Release;
		};
		E516E5C62369B469006620B1 /* Debug */ = {
			isa = XCBuildConfiguration;
			buildSettings = {
				ALWAYS_EMBED_SWIFT_STANDARD_LIBRARIES = YES;
				CLANG_ENABLE_MODULES = YES;
				CODE_SIGN_STYLE = Automatic;
				DEVELOPMENT_TEAM = YKYJK8YBGT;
				INFOPLIST_FILE = CoordinatorKitTests/Resources/Info.plist;
				LD_RUNPATH_SEARCH_PATHS = (
					"$(inherited)",
					"@executable_path/Frameworks",
					"@loader_path/Frameworks",
				);
				PRODUCT_BUNDLE_IDENTIFIER = com.bocato.CoordinatorKitTests;
				PRODUCT_NAME = "$(TARGET_NAME)";
				SWIFT_OPTIMIZATION_LEVEL = "-Onone";
				SWIFT_VERSION = 5.0;
				TARGETED_DEVICE_FAMILY = "1,2";
			};
			name = Debug;
		};
		E516E5C72369B469006620B1 /* Release */ = {
			isa = XCBuildConfiguration;
			buildSettings = {
				ALWAYS_EMBED_SWIFT_STANDARD_LIBRARIES = YES;
				CLANG_ENABLE_MODULES = YES;
				CODE_SIGN_STYLE = Automatic;
				DEVELOPMENT_TEAM = YKYJK8YBGT;
				INFOPLIST_FILE = CoordinatorKitTests/Resources/Info.plist;
				LD_RUNPATH_SEARCH_PATHS = (
					"$(inherited)",
					"@executable_path/Frameworks",
					"@loader_path/Frameworks",
				);
				PRODUCT_BUNDLE_IDENTIFIER = com.bocato.CoordinatorKitTests;
				PRODUCT_NAME = "$(TARGET_NAME)";
				SWIFT_VERSION = 5.0;
				TARGETED_DEVICE_FAMILY = "1,2";
			};
			name = Release;
		};
/* End XCBuildConfiguration section */

/* Begin XCConfigurationList section */
		E516E5A82369B469006620B1 /* Build configuration list for PBXProject "CoordinatorKit" */ = {
			isa = XCConfigurationList;
			buildConfigurations = (
				E516E5C02369B469006620B1 /* Debug */,
				E516E5C12369B469006620B1 /* Release */,
			);
			defaultConfigurationIsVisible = 0;
			defaultConfigurationName = Release;
		};
		E516E5C22369B469006620B1 /* Build configuration list for PBXNativeTarget "CoordinatorKit" */ = {
			isa = XCConfigurationList;
			buildConfigurations = (
				E516E5C32369B469006620B1 /* Debug */,
				E516E5C42369B469006620B1 /* Release */,
			);
			defaultConfigurationIsVisible = 0;
			defaultConfigurationName = Release;
		};
		E516E5C52369B469006620B1 /* Build configuration list for PBXNativeTarget "CoordinatorKitTests" */ = {
			isa = XCConfigurationList;
			buildConfigurations = (
				E516E5C62369B469006620B1 /* Debug */,
				E516E5C72369B469006620B1 /* Release */,
			);
			defaultConfigurationIsVisible = 0;
			defaultConfigurationName = Release;
		};
/* End XCConfigurationList section */
	};
	rootObject = E516E5A52369B469006620B1 /* Project object */;
}
